
Microsoft Visual Studio Solution File, Format Version 12.00
# Visual Studio Version 16
VisualStudioVersion = 16.0.30320.27
MinimumVisualStudioVersion = 10.0.40219.1
Project("{FAE04EC0-301F-11D3-BF4B-00C04F79EFBC}") = "game_boxboy", "game_boxboy.csproj", "{1D51FD79-3920-4EA2-AA32-AEA9B7E19130}"
EndProject
Global
	GlobalSection(SolutionConfigurationPlatforms) = preSolution
		Debug|Any CPU = Debug|Any CPU
		Release|Any CPU = Release|Any CPU
	EndGlobalSection
	GlobalSection(ProjectConfigurationPlatforms) = postSolution
		{1D51FD79-3920-4EA2-AA32-AEA9B7E19130}.Debug|Any CPU.ActiveCfg = Debug|Any CPU
		{1D51FD79-3920-4EA2-AA32-AEA9B7E19130}.Debug|Any CPU.Build.0 = Debug|Any CPU
		{1D51FD79-3920-4EA2-AA32-AEA9B7E19130}.Release|Any CPU.ActiveCfg = Release|Any CPU
		{1D51FD79-3920-4EA2-AA32-AEA9B7E19130}.Release|Any CPU.Build.0 = Release|Any CPU
	EndGlobalSection
	GlobalSection(SolutionProperties) = preSolution
		HideSolutionNode = FALSE
	EndGlobalSection
	GlobalSection(ExtensibilityGlobals) = postSolution
		SolutionGuid = {5D53EBDB-F53F-4DB2-A321-376AD89031B2}
	EndGlobalSection
EndGlobal
